// !$*UTF8*$!
{
	archiveVersion = 1;
	classes = {
	};
	objectVersion = 46;
	objects = {

/* Begin PBXBuildFile section */
		845166541B1930B3006B0BE9 /* main.m in Sources */ = {isa = PBXBuildFile; fileRef = 845166531B1930B3006B0BE9 /* main.m */; };
		845166571B1930B3006B0BE9 /* AppDelegate.m in Sources */ = {isa = PBXBuildFile; fileRef = 845166561B1930B3006B0BE9 /* AppDelegate.m */; };
		8451665A1B1930B3006B0BE9 /* ViewController.m in Sources */ = {isa = PBXBuildFile; fileRef = 845166591B1930B3006B0BE9 /* ViewController.m */; };
		8451665D1B1930B3006B0BE9 /* Main.storyboard in Resources */ = {isa = PBXBuildFile; fileRef = 8451665B1B1930B3006B0BE9 /* Main.storyboard */; };
		8451665F1B1930B3006B0BE9 /* Images.xcassets in Resources */ = {isa = PBXBuildFile; fileRef = 8451665E1B1930B3006B0BE9 /* Images.xcassets */; };
		845166621B1930B3006B0BE9 /* LaunchScreen.xib in Resources */ = {isa = PBXBuildFile; fileRef = 845166601B1930B3006B0BE9 /* LaunchScreen.xib */; };
		8451666E1B1930B3006B0BE9 /* Tutorial_25Tests.m in Sources */ = {isa = PBXBuildFile; fileRef = 8451666D1B1930B3006B0BE9 /* Tutorial_25Tests.m */; };
		8474C0EE1B193F0B009A58FA /* AddToDoViewController.m in Sources */ = {isa = PBXBuildFile; fileRef = 8474C0ED1B193F0B009A58FA /* AddToDoViewController.m */; };
		8474C0F11B193F5A009A58FA /* ToDoListViewController.m in Sources */ = {isa = PBXBuildFile; fileRef = 8474C0F01B193F5A009A58FA /* ToDoListViewController.m */; };
/* End PBXBuildFile section */

/* Begin PBXContainerItemProxy section */
		845166681B1930B3006B0BE9 /* PBXContainerItemProxy */ = {
			isa = PBXContainerItemProxy;
			containerPortal = 845166461B1930B3006B0BE9 /* Project object */;
			proxyType = 1;
			remoteGlobalIDString = 8451664D1B1930B3006B0BE9;
			remoteInfo = Tutorial_25;
		};
/* End PBXContainerItemProxy section */

/* Begin PBXFileReference section */
		8451664E1B1930B3006B0BE9 /* Tutorial_25.app */ = {isa = PBXFileReference; explicitFileType = wrapper.application; includeInIndex = 0; path = Tutorial_25.app; sourceTree = BUILT_PRODUCTS_DIR; };
		845166521B1930B3006B0BE9 /* Info.plist */ = {isa = PBXFileReference; lastKnownFileType = text.plist.xml; path = Info.plist; sourceTree = "<group>"; };
		845166531B1930B3006B0BE9 /* main.m */ = {isa = PBXFileReference; lastKnownFileType = sourcecode.c.objc; path = main.m; sourceTree = "<group>"; };
		845166551B1930B3006B0BE9 /* AppDelegate.h */ = {isa = PBXFileReference; lastKnownFileType = sourcecode.c.h; path = AppDelegate.h; sourceTree = "<group>"; };
		845166561B1930B3006B0BE9 /* AppDelegate.m */ = {isa = PBXFileReference; lastKnownFileType = sourcecode.c.objc; path = AppDelegate.m; sourceTree = "<group>"; };
		845166581B1930B3006B0BE9 /* ViewController.h */ = {isa = PBXFileReference; lastKnownFileType = sourcecode.c.h; path = ViewController.h; sourceTree = "<group>"; };
		845166591B1930B3006B0BE9 /* ViewController.m */ = {isa = PBXFileReference; lastKnownFileType = sourcecode.c.objc; path = ViewController.m; sourceTree = "<group>"; };
		8451665C1B1930B3006B0BE9 /* Base */ = {isa = PBXFileReference; lastKnownFileType = file.storyboard; name = Base; path = Base.lproj/Main.storyboard; sourceTree = "<group>"; };
		8451665E1B1930B3006B0BE9 /* Images.xcassets */ = {isa = PBXFileReference; lastKnownFileType = folder.assetcatalog; path = Images.xcassets; sourceTree = "<group>"; };
		845166611B1930B3006B0BE9 /* Base */ = {isa = PBXFileReference; lastKnownFileType = file.xib; name = Base; path = Base.lproj/LaunchScreen.xib; sourceTree = "<group>"; };
		845166671B1930B3006B0BE9 /* Tutorial_25Tests.xctest */ = {isa = PBXFileReference; explicitFileType = wrapper.cfbundle; includeInIndex = 0; path = Tutorial_25Tests.xctest; sourceTree = BUILT_PRODUCTS_DIR; };
		8451666C1B1930B3006B0BE9 /* Info.plist */ = {isa = PBXFileReference; lastKnownFileType = text.plist.xml; path = Info.plist; sourceTree = "<group>"; };
		8451666D1B1930B3006B0BE9 /* Tutorial_25Tests.m */ = {isa = PBXFileReference; lastKnownFileType = sourcecode.c.objc; path = Tutorial_25Tests.m; sourceTree = "<group>"; };
		8474C0EC1B193F0B009A58FA /* AddToDoViewController.h */ = {isa = PBXFileReference; fileEncoding = 4; lastKnownFileType = sourcecode.c.h; path = AddToDoViewController.h; sourceTree = "<group>"; };
		8474C0ED1B193F0B009A58FA /* AddToDoViewController.m */ = {isa = PBXFileReference; fileEncoding = 4; lastKnownFileType = sourcecode.c.objc; path = AddToDoViewController.m; sourceTree = "<group>"; };
		8474C0EF1B193F5A009A58FA /* ToDoListViewController.h */ = {isa = PBXFileReference; fileEncoding = 4; lastKnownFileType = sourcecode.c.h; path = ToDoListViewController.h; sourceTree = "<group>"; };
		8474C0F01B193F5A009A58FA /* ToDoListViewController.m */ = {isa = PBXFileReference; fileEncoding = 4; lastKnownFileType = sourcecode.c.objc; path = ToDoListViewController.m; sourceTree = "<group>"; };
/* End PBXFileReference section */

/* Begin PBXFrameworksBuildPhase section */
		8451664B1B1930B3006B0BE9 /* Frameworks */ = {
			isa = PBXFrameworksBuildPhase;
			buildActionMask = 2147483647;
			files = (
			);
			runOnlyForDeploymentPostprocessing = 0;
		};
		845166641B1930B3006B0BE9 /* Frameworks */ = {
			isa = PBXFrameworksBuildPhase;
			buildActionMask = 2147483647;
			files = (
			);
			runOnlyForDeploymentPostprocessing = 0;
		};
/* End PBXFrameworksBuildPhase section */

/* Begin PBXGroup section */
		845166451B1930B3006B0BE9 = {
			isa = PBXGroup;
			children = (
				845166501B1930B3006B0BE9 /* Tutorial_25 */,
				8451666A1B1930B3006B0BE9 /* Tutorial_25Tests */,
				8451664F1B1930B3006B0BE9 /* Products */,
			);
			sourceTree = "<group>";
		};
		8451664F1B1930B3006B0BE9 /* Products */ = {
			isa = PBXGroup;
			children = (
				8451664E1B1930B3006B0BE9 /* Tutorial_25.app */,
				845166671B1930B3006B0BE9 /* Tutorial_25Tests.xctest */,
			);
			name = Products;
			sourceTree = "<group>";
		};
		845166501B1930B3006B0BE9 /* Tutorial_25 */ = {
			isa = PBXGroup;
			children = (
				845166551B1930B3006B0BE9 /* AppDelegate.h */,
				845166561B1930B3006B0BE9 /* AppDelegate.m */,
				845166581B1930B3006B0BE9 /* ViewController.h */,
				845166591B1930B3006B0BE9 /* ViewController.m */,
				8451665B1B1930B3006B0BE9 /* Main.storyboard */,
				8451665E1B1930B3006B0BE9 /* Images.xcassets */,
				845166601B1930B3006B0BE9 /* LaunchScreen.xib */,
				845166511B1930B3006B0BE9 /* Supporting Files */,
				8474C0EC1B193F0B009A58FA /* AddToDoViewController.h */,
				8474C0ED1B193F0B009A58FA /* AddToDoViewController.m */,
				8474C0EF1B193F5A009A58FA /* ToDoListViewController.h */,
				8474C0F01B193F5A009A58FA /* ToDoListViewController.m */,
			);
			path = Tutorial_25;
			sourceTree = "<group>";
		};
		845166511B1930B3006B0BE9 /* Supporting Files */ = {
			isa = PBXGroup;
			children = (
				845166521B1930B3006B0BE9 /* Info.plist */,
				845166531B1930B3006B0BE9 /* main.m */,
			);
			name = "Supporting Files";
			sourceTree = "<group>";
		};
		8451666A1B1930B3006B0BE9 /* Tutorial_25Tests */ = {
			isa = PBXGroup;
			children = (
				8451666D1B1930B3006B0BE9 /* Tutorial_25Tests.m */,
				8451666B1B1930B3006B0BE9 /* Supporting Files */,
			);
			path = Tutorial_25Tests;
			sourceTree = "<group>";
		};
		8451666B1B1930B3006B0BE9 /* Supporting Files */ = {
			isa = PBXGroup;
			children = (
				8451666C1B1930B3006B0BE9 /* Info.plist */,
			);
			name = "Supporting Files";
			sourceTree = "<group>";
		};
/* End PBXGroup section */

/* Begin PBXNativeTarget section */
		8451664D1B1930B3006B0BE9 /* Tutorial_25 */ = {
			isa = PBXNativeTarget;
			buildConfigurationList = 845166711B1930B3006B0BE9 /* Build configuration list for PBXNativeTarget "Tutorial_25" */;
			buildPhases = (
				8451664A1B1930B3006B0BE9 /* Sources */,
				8451664B1B1930B3006B0BE9 /* Frameworks */,
				8451664C1B1930B3006B0BE9 /* Resources */,
			);
			buildRules = (
			);
			dependencies = (
			);
			name = Tutorial_25;
			productName = Tutorial_25;
			productReference = 8451664E1B1930B3006B0BE9 /* Tutorial_25.app */;
			productType = "com.apple.product-type.application";
		};
		845166661B1930B3006B0BE9 /* Tutorial_25Tests */ = {
			isa = PBXNativeTarget;
			buildConfigurationList = 845166741B1930B3006B0BE9 /* Build configuration list for PBXNativeTarget "Tutorial_25Tests" */;
			buildPhases = (
				845166631B1930B3006B0BE9 /* Sources */,
				845166641B1930B3006B0BE9 /* Frameworks */,
				845166651B1930B3006B0BE9 /* Resources */,
			);
			buildRules = (
			);
			dependencies = (
				845166691B1930B3006B0BE9 /* PBXTargetDependency */,
			);
			name = Tutorial_25Tests;
			productName = Tutorial_25Tests;
			productReference = 845166671B1930B3006B0BE9 /* Tutorial_25Tests.xctest */;
			productType = "com.apple.product-type.bundle.unit-test";
		};
/* End PBXNativeTarget section */

/* Begin PBXProject section */
		845166461B1930B3006B0BE9 /* Project object */ = {
			isa = PBXProject;
			attributes = {
				LastUpgradeCheck = 0630;
				ORGANIZATIONNAME = Admin;
				TargetAttributes = {
					8451664D1B1930B3006B0BE9 = {
						CreatedOnToolsVersion = 6.3.1;
					};
					845166661B1930B3006B0BE9 = {
						CreatedOnToolsVersion = 6.3.1;
						TestTargetID = 8451664D1B1930B3006B0BE9;
					};
				};
			};
			buildConfigurationList = 845166491B1930B3006B0BE9 /* Build configuration list for PBXProject "Tutorial_25" */;
			compatibilityVersion = "Xcode 3.2";
			developmentRegion = English;
			hasScannedForEncodings = 0;
			knownRegions = (
				en,
				Base,
			);
			mainGroup = 845166451B1930B3006B0BE9;
			productRefGroup = 8451664F1B1930B3006B0BE9 /* Products */;
			projectDirPath = "";
			projectRoot = "";
			targets = (
				8451664D1B1930B3006B0BE9 /* Tutorial_25 */,
				845166661B1930B3006B0BE9 /* Tutorial_25Tests */,
			);
		};
/* End PBXProject section */

/* Begin PBXResourcesBuildPhase section */
		8451664C1B1930B3006B0BE9 /* Resources */ = {
			isa = PBXResourcesBuildPhase;
			buildActionMask = 2147483647;
			files = (
				8451665D1B1930B3006B0BE9 /* Main.storyboard in Resources */,
				845166621B1930B3006B0BE9 /* LaunchScreen.xib in Resources */,
				8451665F1B1930B3006B0BE9 /* Images.xcassets in Resources */,
			);
			runOnlyForDeploymentPostprocessing = 0;
		};
		845166651B1930B3006B0BE9 /* Resources */ = {
			isa = PBXResourcesBuildPhase;
			buildActionMask = 2147483647;
			files = (
			);
			runOnlyForDeploymentPostprocessing = 0;
		};
/* End PBXResourcesBuildPhase section */

/* Begin PBXSourcesBuildPhase section */
		8451664A1B1930B3006B0BE9 /* Sources */ = {
			isa = PBXSourcesBuildPhase;
			buildActionMask = 2147483647;
			files = (
				8474C0EE1B193F0B009A58FA /* AddToDoViewController.m in Sources */,
				8474C0F11B193F5A009A58FA /* ToDoListViewController.m in Sources */,
				8451665A1B1930B3006B0BE9 /* ViewController.m in Sources */,
				845166571B1930B3006B0BE9 /* AppDelegate.m in Sources */,
				845166541B1930B3006B0BE9 /* main.m in Sources */,
			);
			runOnlyForDeploymentPostprocessing = 0;
		};
		845166631B1930B3006B0BE9 /* Sources */ = {
			isa = PBXSourcesBuildPhase;
			buildActionMask = 2147483647;
			files = (
				8451666E1B1930B3006B0BE9 /* Tutorial_25Tests.m in Sources */,
			);
			runOnlyForDeploymentPostprocessing = 0;
		};
/* End PBXSourcesBuildPhase section */

/* Begin PBXTargetDependency section */
		845166691B1930B3006B0BE9 /* PBXTargetDependency */ = {
			isa = PBXTargetDependency;
			target = 8451664D1B1930B3006B0BE9 /* Tutorial_25 */;
			targetProxy = 845166681B1930B3006B0BE9 /* PBXContainerItemProxy */;
		};
/* End PBXTargetDependency section */

/* Begin PBXVariantGroup section */
		8451665B1B1930B3006B0BE9 /* Main.storyboard */ = {
			isa = PBXVariantGroup;
			children = (
				8451665C1B1930B3006B0BE9 /* Base */,
			);
			name = Main.storyboard;
			sourceTree = "<group>";
		};
		845166601B1930B3006B0BE9 /* LaunchScreen.xib */ = {
			isa = PBXVariantGroup;
			children = (
				845166611B1930B3006B0BE9 /* Base */,
			);
			name = LaunchScreen.xib;
			sourceTree = "<group>";
		};
/* End PBXVariantGroup section */

/* Begin XCBuildConfiguration section */
		8451666F1B1930B3006B0BE9 /* Debug */ = {
			isa = XCBuildConfiguration;
			buildSettings = {
				ALWAYS_SEARCH_USER_PATHS = NO;
				CLANG_CXX_LANGUAGE_STANDARD = "gnu++0x";
				CLANG_CXX_LIBRARY = "libc++";
				CLANG_ENABLE_MODULES = YES;
				CLANG_ENABLE_OBJC_ARC = YES;
				CLANG_WARN_BOOL_CONVERSION = YES;
				CLANG_WARN_CONSTANT_CONVERSION = YES;
				CLANG_WARN_DIRECT_OBJC_ISA_USAGE = YES_ERROR;
				CLANG_WARN_EMPTY_BODY = YES;
				CLANG_WARN_ENUM_CONVERSION = YES;
				CLANG_WARN_INT_CONVERSION = YES;
				CLANG_WARN_OBJC_ROOT_CLASS = YES_ERROR;
				CLANG_WARN_UNREACHABLE_CODE = YES;
				CLANG_WARN__DUPLICATE_METHOD_MATCH = YES;
				"CODE_SIGN_IDENTITY[sdk=iphoneos*]" = "iPhone Developer";
				COPY_PHASE_STRIP = NO;
				DEBUG_INFORMATION_FORMAT = "dwarf-with-dsym";
				ENABLE_STRICT_OBJC_MSGSEND = YES;
				GCC_C_LANGUAGE_STANDARD = gnu99;
				GCC_DYNAMIC_NO_PIC = NO;
				GCC_NO_COMMON_BLOCKS = YES;
				GCC_OPTIMIZATION_LEVEL = 0;
				GCC_PREPROCESSOR_DEFINITIONS = (
					"DEBUG=1",
					"$(inherited)",
				);
				GCC_SYMBOLS_PRIVATE_EXTERN = NO;
				GCC_WARN_64_TO_32_BIT_CONVERSION = YES;
				GCC_WARN_ABOUT_RETURN_TYPE = YES_ERROR;
				GCC_WARN_UNDECLARED_SELECTOR = YES;
				GCC_WARN_UNINITIALIZED_AUTOS = YES_AGGRESSIVE;
				GCC_WARN_UNUSED_FUNCTION = YES;
				GCC_WARN_UNUSED_VARIABLE = YES;
				IPHONEOS_DEPLOYMENT_TARGET = 8.3;
				MTL_ENABLE_DEBUG_INFO = YES;
				ONLY_ACTIVE_ARCH = YES;
				SDKROOT = iphoneos;
			};
			name = Debug;
		};
		845166701B1930B3006B0BE9 /* Release */ = {
			isa = XCBuildConfiguration;
			buildSettings = {
				ALWAYS_SEARCH_USER_PATHS = NO;
				CLANG_CXX_LANGUAGE_STANDARD = "gnu++0x";
				CLANG_CXX_LIBRARY = "libc++";
				CLANG_ENABLE_MODULES = YES;
				CLANG_ENABLE_OBJC_ARC = YES;
				CLANG_WARN_BOOL_CONVERSION = YES;
				CLANG_WARN_CONSTANT_CONVERSION = YES;
				CLANG_WARN_DIRECT_OBJC_ISA_USAGE = YES_ERROR;
				CLANG_WARN_EMPTY_BODY = YES;
				CLANG_WARN_ENUM_CONVERSION = YES;
				CLANG_WARN_INT_CONVERSION = YES;
				CLANG_WARN_OBJC_ROOT_CLASS = YES_ERROR;
				CLANG_WARN_UNREACHABLE_CODE = YES;
				CLANG_WARN__DUPLICATE_METHOD_MATCH = YES;
				"CODE_SIGN_IDENTITY[sdk=iphoneos*]" = "iPhone Developer";
				COPY_PHASE_STRIP = NO;
				DEBUG_INFORMATION_FORMAT = "dwarf-with-dsym";
				ENABLE_NS_ASSERTIONS = NO;
				ENABLE_STRICT_OBJC_MSGSEND = YES;
				GCC_C_LANGUAGE_STANDARD = gnu99;
				GCC_NO_COMMON_BLOCKS = YES;
				GCC_WARN_64_TO_32_BIT_CONVERSION = YES;
				GCC_WARN_ABOUT_RETURN_TYPE = YES_ERROR;
				GCC_WARN_UNDECLARED_SELECTOR = YES;
				GCC_WARN_UNINITIALIZED_AUTOS = YES_AGGRESSIVE;
				GCC_WARN_UNUSED_FUNCTION = YES;
				GCC_WARN_UNUSED_VARIABLE = YES;
				IPHONEOS_DEPLOYMENT_TARGET = 8.3;
				MTL_ENABLE_DEBUG_INFO = NO;
				SDKROOT = iphoneos;
				VALIDATE_PRODUCT = YES;
			};
			name = Release;
		};
		845166721B1930B3006B0BE9 /* Debug */ = {
			isa = XCBuildConfiguration;
			buildSettings = {
				ASSETCATALOG_COMPILER_APPICON_NAME = AppIcon;
				INFOPLIST_FILE = Tutorial_25/Info.plist;
				LD_RUNPATH_SEARCH_PATHS = "$(inherited) @executable_path/Frameworks";
				PRODUCT_NAME = "$(TARGET_NAME)";
			};
			name = Debug;
		};
		845166731B1930B3006B0BE9 /* Release */ = {
			isa = XCBuildConfiguration;
			buildSettings = {
				ASSETCATALOG_COMPILER_APPICON_NAME = AppIcon;
				INFOPLIST_FILE = Tutorial_25/Info.plist;
				LD_RUNPATH_SEARCH_PATHS = "$(inherited) @executable_path/Frameworks";
				PRODUCT_NAME = "$(TARGET_NAME)";
			};
			name = Release;
		};
		845166751B1930B3006B0BE9 /* Debug */ = {
			isa = XCBuildConfiguration;
			buildSettings = {
				BUNDLE_LOADER = "$(TEST_HOST)";
				FRAMEWORK_SEARCH_PATHS = (
					"$(SDKROOT)/Developer/Library/Frameworks",
					"$(inherited)",
				);
				GCC_PREPROCESSOR_DEFINITIONS = (
					"DEBUG=1",
					"$(inherited)",
				);
				INFOPLIST_FILE = Tutorial_25Tests/Info.plist;
				LD_RUNPATH_SEARCH_PATHS = "$(inherited) @executable_path/Frameworks @loader_path/Frameworks";
				PRODUCT_NAME = "$(TARGET_NAME)";
				TEST_HOST = "$(BUILT_PRODUCTS_DIR)/Tutorial_25.app/Tutorial_25";
			};
			name = Debug;
		};
		845166761B1930B3006B0BE9 /* Release */ = {
			isa = XCBuildConfiguration;
			buildSettings = {
				BUNDLE_LOADER = "$(TEST_HOST)";
				FRAMEWORK_SEARCH_PATHS = (
					"$(SDKROOT)/Developer/Library/Frameworks",
					"$(inherited)",
				);
				INFOPLIST_FILE = Tutorial_25Tests/Info.plist;
				LD_RUNPATH_SEARCH_PATHS = "$(inherited) @executable_path/Frameworks @loader_path/Frameworks";
				PRODUCT_NAME = "$(TARGET_NAME)";
				TEST_HOST = "$(BUILT_PRODUCTS_DIR)/Tutorial_25.app/Tutorial_25";
			};
			name = Release;
		};
/* End XCBuildConfiguration section */

/* Begin XCConfigurationList section */
		845166491B1930B3006B0BE9 /* Build configuration list for PBXProject "Tutorial_25" */ = {
			isa = XCConfigurationList;
			buildConfigurations = (
				8451666F1B1930B3006B0BE9 /* Debug */,
				845166701B1930B3006B0BE9 /* Release */,
			);
			defaultConfigurationIsVisible = 0;
			defaultConfigurationName = Release;
		};
		845166711B1930B3006B0BE9 /* Build configuration list for PBXNativeTarget "Tutorial_25" */ = {
			isa = XCConfigurationList;
			buildConfigurations = (
				845166721B1930B3006B0BE9 /* Debug */,
				845166731B1930B3006B0BE9 /* Release */,
			);
			defaultConfigurationIsVisible = 0;
			defaultConfigurationName = Release;
		};
		845166741B1930B3006B0BE9 /* Build configuration list for PBXNativeTarget "Tutorial_25Tests" */ = {
			isa = XCConfigurationList;
			buildConfigurations = (
				845166751B1930B3006B0BE9 /* Debug */,
				845166761B1930B3006B0BE9 /* Release */,
			);
			defaultConfigurationIsVisible = 0;
			defaultConfigurationName = Release;
		};
/* End XCConfigurationList section */
	};
	rootObject = 845166461B1930B3006B0BE9 /* Project object */;
}
